<?xml version="1.0" encoding="utf-8"?>
<Project ToolsVersion="4.0" xmlns="http://schemas.microsoft.com/developer/msbuild/2003">
  <ItemGroup>
    <Filter Include="Source Files">
      <UniqueIdentifier>{ed3398bb-f761-46c9-9ded-f8538572dad8}</UniqueIdentifier>
      <Extensions>cpp;c;cc;cxx;def;odl;idl;hpj;bat;asm;asmx</Extensions>
    </Filter>
    <Filter Include="Header Files">
      <UniqueIdentifier>{b52040c8-6ffd-4dbb-b1ff-5f1b0d3257b3}</UniqueIdentifier>
      <Extensions>h;hh;hpp;hxx;hm;inl;inc;ipp;xsd</Extensions>
    </Filter>
  </ItemGroup>
  <ItemGroup>
    <ClCompile Include="AdvGame.cpp">
      <Filter>Source Files</Filter>
    </ClCompile>
    <ClCompile Include="ConsoleIO.cpp">
      <Filter>Source Files</Filter>
    </ClCompile>
    <ClCompile Include="Game.cpp">
      <Filter>Source Files</Filter>
    </ClCompile>
    <ClCompile Include="GameState.cpp">
      <Filter>Source Files</Filter>
    </ClCompile>
    <ClCompile Include="LuaManager.cpp">
      <Filter>Source Files</Filter>
    </ClCompile>
    <ClCompile Include="Prompt.cpp">
      <Filter>Source Files</Filter>
    </ClCompile>
    <ClCompile Include="ResponseMatch.cpp">
      <Filter>Source Files</Filter>
    </ClCompile>
    <ClCompile Include="ResponseSystem.cpp">
      <Filter>Source Files</Filter>
    </ClCompile>
    <ClCompile Include="StoryBranch.cpp">
      <Filter>Source Files</Filter>
    </ClCompile>
    <ClCompile Include="StoryPoint.cpp">
      <Filter>Source Files</Filter>
    </ClCompile>
    <ClCompile Include="LuaResponseHandler.cpp">
      <Filter>Source Files</Filter>
    </ClCompile>
    <ClCompile Include="LuaStoryBranch.cpp">
      <Filter>Source Files</Filter>
    </ClCompile>
    <ClCompile Include="LuaGameState.cpp">
      <Filter>Source Files</Filter>
    </ClCompile>
    <ClCompile Include="LambdaResponseHandler.cpp">
      <Filter>Source Files</Filter>
    </ClCompile>
  </ItemGroup>
  <ItemGroup>
    <ClInclude Include="AdvGame.h">
      <Filter>Header Files</Filter>
    </ClInclude>
    <ClInclude Include="ConsoleIO.h">
      <Filter>Header Files</Filter>
    </ClInclude>
    <ClInclude Include="Game.h">
      <Filter>Header Files</Filter>
    </ClInclude>
    <ClInclude Include="GameState.h">
      <Filter>Header Files</Filter>
    </ClInclude>
    <ClInclude Include="IO.h">
      <Filter>Header Files</Filter>
    </ClInclude>
    <ClInclude Include="LuaManager.h">
      <Filter>Header Files</Filter>
    </ClInclude>
    <ClInclude Include="LuaParam.h">
      <Filter>Header Files</Filter>
    </ClInclude>
    <ClInclude Include="Prompt.h">
      <Filter>Header Files</Filter>
    </ClInclude>
    <ClInclude Include="ResponseMatch.h">
      <Filter>Header Files</Filter>
    </ClInclude>
    <ClInclude Include="ResponseSystem.h">
      <Filter>Header Files</Filter>
    </ClInclude>
    <ClInclude Include="StoryBranch.h">
      <Filter>Header Files</Filter>
    </ClInclude>
    <ClInclude Include="StoryPoint.h">
      <Filter>Header Files</Filter>
    </ClInclude>
    <ClInclude Include="LuaResponseHandler.h">
      <Filter>Header Files</Filter>
    </ClInclude>
    <ClInclude Include="LunaFive.h">
      <Filter>Header Files</Filter>
    </ClInclude>
    <ClInclude Include="LuaStoryBranch.h">
      <Filter>Header Files</Filter>
    </ClInclude>
    <ClInclude Include="LuaGameState.h">
      <Filter>Header Files</Filter>
    </ClInclude>
    <ClInclude Include="LambdaResponseHandler.h">
      <Filter>Header Files</Filter>
    </ClInclude>
    <ClInclude Include="ResponseHandler.h">
      <Filter>Header Files</Filter>
    </ClInclude>
  </ItemGroup>
</Project>